
Microsoft Visual Studio Solution File, Format Version 12.00
# Visual Studio 15
VisualStudioVersion = 15.0.26730.12
MinimumVisualStudioVersion = 10.0.40219.1
Project("{FAE04EC0-301F-11D3-BF4B-00C04F79EFBC}") = "OnetcMonkeyCalculator", "OnetcMonkeyComputer\OnetcMonkeyCalculator.csproj", "{78935752-090D-4E63-BD90-7EFBDC60E018}"
EndProject
Project("{FAE04EC0-301F-11D3-BF4B-00C04F79EFBC}") = "OnetcMonkeyEncrypt", "OnetcMonkeyEncrypt\OnetcMonkeyEncrypt.csproj", "{06F5D05E-2E33-4D65-84CB-49479F550B6D}"
EndProject
Project("{FAE04EC0-301F-11D3-BF4B-00C04F79EFBC}") = "OnetcMonkeyMananger", "OnetcMonkeyMananger\OnetcMonkeyMananger.csproj", "{4D4528E0-DC71-4E63-BC84-B25AF11EC734}"
EndProject
Global
	GlobalSection(SolutionConfigurationPlatforms) = preSolution
		Debug|Any CPU = Debug|Any CPU
		Release|Any CPU = Release|Any CPU
	EndGlobalSection
	GlobalSection(ProjectConfigurationPlatforms) = postSolution
		{78935752-090D-4E63-BD90-7EFBDC60E018}.Debug|Any CPU.ActiveCfg = Debug|Any CPU
		{78935752-090D-4E63-BD90-7EFBDC60E018}.Debug|Any CPU.Build.0 = Debug|Any CPU
		{78935752-090D-4E63-BD90-7EFBDC60E018}.Release|Any CPU.ActiveCfg = Release|Any CPU
		{78935752-090D-4E63-BD90-7EFBDC60E018}.Release|Any CPU.Build.0 = Release|Any CPU
		{06F5D05E-2E33-4D65-84CB-49479F550B6D}.Debug|Any CPU.ActiveCfg = Debug|Any CPU
		{06F5D05E-2E33-4D65-84CB-49479F550B6D}.Debug|Any CPU.Build.0 = Debug|Any CPU
		{06F5D05E-2E33-4D65-84CB-49479F550B6D}.Release|Any CPU.ActiveCfg = Release|Any CPU
		{06F5D05E-2E33-4D65-84CB-49479F550B6D}.Release|Any CPU.Build.0 = Release|Any CPU
		{4D4528E0-DC71-4E63-BC84-B25AF11EC734}.Debug|Any CPU.ActiveCfg = Debug|Any CPU
		{4D4528E0-DC71-4E63-BC84-B25AF11EC734}.Debug|Any CPU.Build.0 = Debug|Any CPU
		{4D4528E0-DC71-4E63-BC84-B25AF11EC734}.Release|Any CPU.ActiveCfg = Release|Any CPU
		{4D4528E0-DC71-4E63-BC84-B25AF11EC734}.Release|Any CPU.Build.0 = Release|Any CPU
	EndGlobalSection
	GlobalSection(SolutionProperties) = preSolution
		HideSolutionNode = FALSE
	EndGlobalSection
	GlobalSection(ExtensibilityGlobals) = postSolution
		SolutionGuid = {698C668E-18EE-4E75-81BF-ABE0BB989D08}
	EndGlobalSection
EndGlobal
